
Microsoft Visual Studio Solution File, Format Version 12.00
# Visual Studio 15
VisualStudioVersion = 15.0.28307.489
MinimumVisualStudioVersion = 10.0.40219.1
Project("{FAE04EC0-301F-11D3-BF4B-00C04F79EFBC}") = "OlgQaLightLinks", "OlgQaLightLinks\OlgQaLightLinks.csproj", "{E742E2C0-5406-4AFC-976E-F11D7AA2D882}"
EndProject
Global
	GlobalSection(SolutionConfigurationPlatforms) = preSolution
		Debug|Any CPU = Debug|Any CPU
		Release|Any CPU = Release|Any CPU
	EndGlobalSection
	GlobalSection(ProjectConfigurationPlatforms) = postSolution
		{E742E2C0-5406-4AFC-976E-F11D7AA2D882}.Debug|Any CPU.ActiveCfg = Debug|Any CPU
		{E742E2C0-5406-4AFC-976E-F11D7AA2D882}.Debug|Any CPU.Build.0 = Debug|Any CPU
		{E742E2C0-5406-4AFC-976E-F11D7AA2D882}.Release|Any CPU.ActiveCfg = Release|Any CPU
		{E742E2C0-5406-4AFC-976E-F11D7AA2D882}.Release|Any CPU.Build.0 = Release|Any CPU
	EndGlobalSection
	GlobalSection(SolutionProperties) = preSolution
		HideSolutionNode = FALSE
	EndGlobalSection
	GlobalSection(ExtensibilityGlobals) = postSolution
		SolutionGuid = {FCABA1F4-9BB4-4397-8365-1B0BB596715B}
	EndGlobalSection
EndGlobal
